
Microsoft Visual Studio Solution File, Format Version 12.00
# Visual Studio 2012
Project("{FAE04EC0-301F-11D3-BF4B-00C04F79EFBC}") = "TransientFaultHandlingHOL", "TransientFaultHandlingHOL\TransientFaultHandlingHOL.csproj", "{1ED39593-8764-447F-AAA1-A76FF64CD836}"
EndProject
Global
	GlobalSection(SolutionConfigurationPlatforms) = preSolution
		Debug|x86 = Debug|x86
		Release|x86 = Release|x86
	EndGlobalSection
	GlobalSection(ProjectConfigurationPlatforms) = postSolution
		{1ED39593-8764-447F-AAA1-A76FF64CD836}.Debug|x86.ActiveCfg = Debug|x86
		{1ED39593-8764-447F-AAA1-A76FF64CD836}.Debug|x86.Build.0 = Debug|x86
		{1ED39593-8764-447F-AAA1-A76FF64CD836}.Release|x86.ActiveCfg = Release|x86
		{1ED39593-8764-447F-AAA1-A76FF64CD836}.Release|x86.Build.0 = Release|x86
	EndGlobalSection
	GlobalSection(SolutionProperties) = preSolution
		HideSolutionNode = FALSE
	EndGlobalSection
	GlobalSection(ExtensibilityGlobals) = postSolution
		EnterpriseLibraryConfigurationToolBinariesPath = packages\Unity.2.1.505.0\lib\NET35;packages\Unity.Interception.2.1.505.0\lib\NET35;packages\EnterpriseLibrary.Common.5.0.505.0\lib\NET35;packages\TransientFaultHandling.Core.5.0.1118.0\lib\NET35;packages\EnterpriseLibrary.WindowsAzure.TransientFaultHandling.5.0.1118.0\lib\NET4;packages\EnterpriseLibrary.WindowsAzure.TransientFaultHandling.5.0.1118.0\DesignTime
	EndGlobalSection
EndGlobal
