
Microsoft Visual Studio Solution File, Format Version 12.00
# Visual Studio 2012
Project("{FAE04EC0-301F-11D3-BF4B-00C04F79EFBC}") = "PuzzlerUI", "PuzzlerUI\PuzzlerUI.csproj", "{BD48303C-0119-40DE-BF91-115E8F3A46A3}"
EndProject
Project("{FAE04EC0-301F-11D3-BF4B-00C04F79EFBC}") = "PuzzlerService", "PuzzlerService\PuzzlerService.csproj", "{2B80BD83-66EB-42E3-BC13-43F75AF31ED8}"
EndProject
Global
	GlobalSection(SolutionConfigurationPlatforms) = preSolution
		Debug|Any CPU = Debug|Any CPU
		Release|Any CPU = Release|Any CPU
	EndGlobalSection
	GlobalSection(ProjectConfigurationPlatforms) = postSolution
		{BD48303C-0119-40DE-BF91-115E8F3A46A3}.Debug|Any CPU.ActiveCfg = Debug|Any CPU
		{BD48303C-0119-40DE-BF91-115E8F3A46A3}.Debug|Any CPU.Build.0 = Debug|Any CPU
		{BD48303C-0119-40DE-BF91-115E8F3A46A3}.Release|Any CPU.ActiveCfg = Release|Any CPU
		{BD48303C-0119-40DE-BF91-115E8F3A46A3}.Release|Any CPU.Build.0 = Release|Any CPU
		{2B80BD83-66EB-42E3-BC13-43F75AF31ED8}.Debug|Any CPU.ActiveCfg = Debug|Any CPU
		{2B80BD83-66EB-42E3-BC13-43F75AF31ED8}.Debug|Any CPU.Build.0 = Debug|Any CPU
		{2B80BD83-66EB-42E3-BC13-43F75AF31ED8}.Release|Any CPU.ActiveCfg = Release|Any CPU
		{2B80BD83-66EB-42E3-BC13-43F75AF31ED8}.Release|Any CPU.Build.0 = Release|Any CPU
	EndGlobalSection
	GlobalSection(SolutionProperties) = preSolution
		HideSolutionNode = FALSE
	EndGlobalSection
EndGlobal
